
Microsoft Visual Studio Solution File, Format Version 12.00
# Visual Studio Version 17
VisualStudioVersion = 17.2.32616.157
MinimumVisualStudioVersion = 10.0.40219.1
Project("{FAE04EC0-301F-11D3-BF4B-00C04F79EFBC}") = "GameStoreProject", "GameStoreProject\GameStoreProject.csproj", "{4237BA1E-9973-4B57-8321-E78C6600F7DE}"
EndProject
Global
	GlobalSection(SolutionConfigurationPlatforms) = preSolution
		Debug|Any CPU = Debug|Any CPU
		Release|Any CPU = Release|Any CPU
	EndGlobalSection
	GlobalSection(ProjectConfigurationPlatforms) = postSolution
		{4237BA1E-9973-4B57-8321-E78C6600F7DE}.Debug|Any CPU.ActiveCfg = Debug|Any CPU
		{4237BA1E-9973-4B57-8321-E78C6600F7DE}.Debug|Any CPU.Build.0 = Debug|Any CPU
		{4237BA1E-9973-4B57-8321-E78C6600F7DE}.Release|Any CPU.ActiveCfg = Release|Any CPU
		{4237BA1E-9973-4B57-8321-E78C6600F7DE}.Release|Any CPU.Build.0 = Release|Any CPU
	EndGlobalSection
	GlobalSection(SolutionProperties) = preSolution
		HideSolutionNode = FALSE
	EndGlobalSection
	GlobalSection(ExtensibilityGlobals) = postSolution
		SolutionGuid = {8961AC15-D448-4995-BDC9-A5986B406968}
	EndGlobalSection
EndGlobal
